// !$*UTF8*$!
{
	archiveVersion = 1;
	classes = {
	};
	objectVersion = 46;
	objects = {

/* Begin PBXBuildFile section */
		CCAD33B51EF2283B00F24C27 /* main.m in Sources */ = {isa = PBXBuildFile; fileRef = CCAD33B41EF2283B00F24C27 /* main.m */; };
		CCAD33B81EF2283B00F24C27 /* AppDelegate.m in Sources */ = {isa = PBXBuildFile; fileRef = CCAD33B71EF2283B00F24C27 /* AppDelegate.m */; };
		CCAD33BE1EF2283B00F24C27 /* Main.storyboard in Resources */ = {isa = PBXBuildFile; fileRef = CCAD33BC1EF2283B00F24C27 /* Main.storyboard */; };
		CCAD33C01EF2283B00F24C27 /* Assets.xcassets in Resources */ = {isa = PBXBuildFile; fileRef = CCAD33BF1EF2283B00F24C27 /* Assets.xcassets */; };
		CCAD33C31EF2283B00F24C27 /* LaunchScreen.storyboard in Resources */ = {isa = PBXBuildFile; fileRef = CCAD33C11EF2283B00F24C27 /* LaunchScreen.storyboard */; };
		CCAD33CE1EF2283B00F24C27 /* RaiseLearnTests.m in Sources */ = {isa = PBXBuildFile; fileRef = CCAD33CD1EF2283B00F24C27 /* RaiseLearnTests.m */; };
		CCAD33D91EF2283B00F24C27 /* RaiseLearnUITests.m in Sources */ = {isa = PBXBuildFile; fileRef = CCAD33D81EF2283B00F24C27 /* RaiseLearnUITests.m */; };
		CCAD33F21EF228E600F24C27 /* AFNetHelper.m in Sources */ = {isa = PBXBuildFile; fileRef = CCAD33ED1EF228E600F24C27 /* AFNetHelper.m */; };
		CCAD33F31EF228E600F24C27 /* Controller.plist in Resources */ = {isa = PBXBuildFile; fileRef = CCAD33EE1EF228E600F24C27 /* Controller.plist */; };
		CCAD33F41EF228E600F24C27 /* RootViewController.m in Sources */ = {isa = PBXBuildFile; fileRef = CCAD33F11EF228E600F24C27 /* RootViewController.m */; };
		CCAD33F81EF22F4B00F24C27 /* BaseViewController.m in Sources */ = {isa = PBXBuildFile; fileRef = CCAD33F71EF22F4B00F24C27 /* BaseViewController.m */; };
		CCAD33FB1EF22F6100F24C27 /* HomeViewController.m in Sources */ = {isa = PBXBuildFile; fileRef = CCAD33FA1EF22F6100F24C27 /* HomeViewController.m */; };
		CCAD33FE1EF22F7000F24C27 /* ClassifyViewController.m in Sources */ = {isa = PBXBuildFile; fileRef = CCAD33FD1EF22F7000F24C27 /* ClassifyViewController.m */; };
		CCAD34011EF22F7E00F24C27 /* MyViewController.m in Sources */ = {isa = PBXBuildFile; fileRef = CCAD34001EF22F7E00F24C27 /* MyViewController.m */; };
		CCAD34051EF23A7C00F24C27 /* BaseModel.m in Sources */ = {isa = PBXBuildFile; fileRef = CCAD34041EF23A7C00F24C27 /* BaseModel.m */; };
		CCAD340B1EF23B3100F24C27 /* BookListModel.m in Sources */ = {isa = PBXBuildFile; fileRef = CCAD340A1EF23B3100F24C27 /* BookListModel.m */; };
		CCAD34101EF2470F00F24C27 /* HomeCell.m in Sources */ = {isa = PBXBuildFile; fileRef = CCAD340E1EF2470F00F24C27 /* HomeCell.m */; };
		CCAD34111EF2470F00F24C27 /* HomeCell.xib in Resources */ = {isa = PBXBuildFile; fileRef = CCAD340F1EF2470F00F24C27 /* HomeCell.xib */; };
		CCAD34141EF24B1600F24C27 /* ChaptersViewController.m in Sources */ = {isa = PBXBuildFile; fileRef = CCAD34131EF24B1600F24C27 /* ChaptersViewController.m */; };
		CCAD34171EF24CFF00F24C27 /* ChapterModel.m in Sources */ = {isa = PBXBuildFile; fileRef = CCAD34161EF24CFF00F24C27 /* ChapterModel.m */; };
		CCAD341A1EF2505100F24C27 /* ContentViewController.m in Sources */ = {isa = PBXBuildFile; fileRef = CCAD34191EF2505100F24C27 /* ContentViewController.m */; };
		D67E64FE98115BCFA212ADC3 /* libPods-RaiseLearn.a in Frameworks */ = {isa = PBXBuildFile; fileRef = A9F8386206A04A51E3E9B07B /* libPods-RaiseLearn.a */; };
/* End PBXBuildFile section */

/* Begin PBXContainerItemProxy section */
		CCAD33CA1EF2283B00F24C27 /* PBXContainerItemProxy */ = {
			isa = PBXContainerItemProxy;
			containerPortal = CCAD33A81EF2283B00F24C27 /* Project object */;
			proxyType = 1;
			remoteGlobalIDString = CCAD33AF1EF2283B00F24C27;
			remoteInfo = RaiseLearn;
		};
		CCAD33D51EF2283B00F24C27 /* PBXContainerItemProxy */ = {
			isa = PBXContainerItemProxy;
			containerPortal = CCAD33A81EF2283B00F24C27 /* Project object */;
			proxyType = 1;
			remoteGlobalIDString = CCAD33AF1EF2283B00F24C27;
			remoteInfo = RaiseLearn;
		};
/* End PBXContainerItemProxy section */

/* Begin PBXFileReference section */
		34B0E23EDDF95B0041FB6674 /* Pods-RaiseLearn.release.xcconfig */ = {isa = PBXFileReference; includeInIndex = 1; lastKnownFileType = text.xcconfig; name = "Pods-RaiseLearn.release.xcconfig"; path = "Pods/Target Support Files/Pods-RaiseLearn/Pods-RaiseLearn.release.xcconfig"; sourceTree = "<group>"; };
		9E003A12D6EC5A21E59C09AD /* Pods-RaiseLearn.debug.xcconfig */ = {isa = PBXFileReference; includeInIndex = 1; lastKnownFileType = text.xcconfig; name = "Pods-RaiseLearn.debug.xcconfig"; path = "Pods/Target Support Files/Pods-RaiseLearn/Pods-RaiseLearn.debug.xcconfig"; sourceTree = "<group>"; };
		A9F8386206A04A51E3E9B07B /* libPods-RaiseLearn.a */ = {isa = PBXFileReference; explicitFileType = archive.ar; includeInIndex = 0; path = "libPods-RaiseLearn.a"; sourceTree = BUILT_PRODUCTS_DIR; };
		CCAD33B01EF2283B00F24C27 /* RaiseLearn.app */ = {isa = PBXFileReference; explicitFileType = wrapper.application; includeInIndex = 0; path = RaiseLearn.app; sourceTree = BUILT_PRODUCTS_DIR; };
		CCAD33B41EF2283B00F24C27 /* main.m */ = {isa = PBXFileReference; lastKnownFileType = sourcecode.c.objc; path = main.m; sourceTree = "<group>"; };
		CCAD33B61EF2283B00F24C27 /* AppDelegate.h */ = {isa = PBXFileReference; lastKnownFileType = sourcecode.c.h; name = AppDelegate.h; path = ../../AppDelegate.h; sourceTree = "<group>"; };
		CCAD33B71EF2283B00F24C27 /* AppDelegate.m */ = {isa = PBXFileReference; lastKnownFileType = sourcecode.c.objc; name = AppDelegate.m; path = ../../AppDelegate.m; sourceTree = "<group>"; };
		CCAD33BD1EF2283B00F24C27 /* Base */ = {isa = PBXFileReference; lastKnownFileType = file.storyboard; name = Base; path = Base.lproj/Main.storyboard; sourceTree = "<group>"; };
		CCAD33BF1EF2283B00F24C27 /* Assets.xcassets */ = {isa = PBXFileReference; lastKnownFileType = folder.assetcatalog; path = Assets.xcassets; sourceTree = "<group>"; };
		CCAD33C21EF2283B00F24C27 /* Base */ = {isa = PBXFileReference; lastKnownFileType = file.storyboard; name = Base; path = Base.lproj/LaunchScreen.storyboard; sourceTree = "<group>"; };
		CCAD33C41EF2283B00F24C27 /* Info.plist */ = {isa = PBXFileReference; lastKnownFileType = text.plist.xml; path = Info.plist; sourceTree = "<group>"; };
		CCAD33C91EF2283B00F24C27 /* RaiseLearnTests.xctest */ = {isa = PBXFileReference; explicitFileType = wrapper.cfbundle; includeInIndex = 0; path = RaiseLearnTests.xctest; sourceTree = BUILT_PRODUCTS_DIR; };
		CCAD33CD1EF2283B00F24C27 /* RaiseLearnTests.m */ = {isa = PBXFileReference; lastKnownFileType = sourcecode.c.objc; path = RaiseLearnTests.m; sourceTree = "<group>"; };
		CCAD33CF1EF2283B00F24C27 /* Info.plist */ = {isa = PBXFileReference; lastKnownFileType = text.plist.xml; path = Info.plist; sourceTree = "<group>"; };
		CCAD33D41EF2283B00F24C27 /* RaiseLearnUITests.xctest */ = {isa = PBXFileReference; explicitFileType = wrapper.cfbundle; includeInIndex = 0; path = RaiseLearnUITests.xctest; sourceTree = BUILT_PRODUCTS_DIR; };
		CCAD33D81EF2283B00F24C27 /* RaiseLearnUITests.m */ = {isa = PBXFileReference; lastKnownFileType = sourcecode.c.objc; path = RaiseLearnUITests.m; sourceTree = "<group>"; };
		CCAD33DA1EF2283B00F24C27 /* Info.plist */ = {isa = PBXFileReference; lastKnownFileType = text.plist.xml; path = Info.plist; sourceTree = "<group>"; };
		CCAD33EC1EF228E600F24C27 /* AFNetHelper.h */ = {isa = PBXFileReference; fileEncoding = 4; lastKnownFileType = sourcecode.c.h; path = AFNetHelper.h; sourceTree = "<group>"; };
		CCAD33ED1EF228E600F24C27 /* AFNetHelper.m */ = {isa = PBXFileReference; fileEncoding = 4; lastKnownFileType = sourcecode.c.objc; path = AFNetHelper.m; sourceTree = "<group>"; };
		CCAD33EE1EF228E600F24C27 /* Controller.plist */ = {isa = PBXFileReference; fileEncoding = 4; lastKnownFileType = text.plist.xml; path = Controller.plist; sourceTree = "<group>"; };
		CCAD33EF1EF228E600F24C27 /* PreHeader.pch */ = {isa = PBXFileReference; fileEncoding = 4; lastKnownFileType = sourcecode.c.h; path = PreHeader.pch; sourceTree = "<group>"; };
		CCAD33F01EF228E600F24C27 /* RootViewController.h */ = {isa = PBXFileReference; fileEncoding = 4; lastKnownFileType = sourcecode.c.h; path = RootViewController.h; sourceTree = "<group>"; };
		CCAD33F11EF228E600F24C27 /* RootViewController.m */ = {isa = PBXFileReference; fileEncoding = 4; lastKnownFileType = sourcecode.c.objc; path = RootViewController.m; sourceTree = "<group>"; };
		CCAD33F51EF2296000F24C27 /* Constant.h */ = {isa = PBXFileReference; lastKnownFileType = sourcecode.c.h; path = Constant.h; sourceTree = "<group>"; };
		CCAD33F61EF22F4B00F24C27 /* BaseViewController.h */ = {isa = PBXFileReference; fileEncoding = 4; lastKnownFileType = sourcecode.c.h; path = BaseViewController.h; sourceTree = "<group>"; };
		CCAD33F71EF22F4B00F24C27 /* BaseViewController.m */ = {isa = PBXFileReference; fileEncoding = 4; lastKnownFileType = sourcecode.c.objc; path = BaseViewController.m; sourceTree = "<group>"; };
		CCAD33F91EF22F6100F24C27 /* HomeViewController.h */ = {isa = PBXFileReference; fileEncoding = 4; lastKnownFileType = sourcecode.c.h; path = HomeViewController.h; sourceTree = "<group>"; };
		CCAD33FA1EF22F6100F24C27 /* HomeViewController.m */ = {isa = PBXFileReference; fileEncoding = 4; lastKnownFileType = sourcecode.c.objc; path = HomeViewController.m; sourceTree = "<group>"; };
		CCAD33FC1EF22F7000F24C27 /* ClassifyViewController.h */ = {isa = PBXFileReference; fileEncoding = 4; lastKnownFileType = sourcecode.c.h; path = ClassifyViewController.h; sourceTree = "<group>"; };
		CCAD33FD1EF22F7000F24C27 /* ClassifyViewController.m */ = {isa = PBXFileReference; fileEncoding = 4; lastKnownFileType = sourcecode.c.objc; path = ClassifyViewController.m; sourceTree = "<group>"; };
		CCAD33FF1EF22F7E00F24C27 /* MyViewController.h */ = {isa = PBXFileReference; fileEncoding = 4; lastKnownFileType = sourcecode.c.h; path = MyViewController.h; sourceTree = "<group>"; };
		CCAD34001EF22F7E00F24C27 /* MyViewController.m */ = {isa = PBXFileReference; fileEncoding = 4; lastKnownFileType = sourcecode.c.objc; path = MyViewController.m; sourceTree = "<group>"; };
		CCAD34031EF23A7C00F24C27 /* BaseModel.h */ = {isa = PBXFileReference; fileEncoding = 4; lastKnownFileType = sourcecode.c.h; path = BaseModel.h; sourceTree = "<group>"; };
		CCAD34041EF23A7C00F24C27 /* BaseModel.m */ = {isa = PBXFileReference; fileEncoding = 4; lastKnownFileType = sourcecode.c.objc; path = BaseModel.m; sourceTree = "<group>"; };
		CCAD34091EF23B3100F24C27 /* BookListModel.h */ = {isa = PBXFileReference; fileEncoding = 4; lastKnownFileType = sourcecode.c.h; path = BookListModel.h; sourceTree = "<group>"; };
		CCAD340A1EF23B3100F24C27 /* BookListModel.m */ = {isa = PBXFileReference; fileEncoding = 4; lastKnownFileType = sourcecode.c.objc; path = BookListModel.m; sourceTree = "<group>"; };
		CCAD340D1EF2470F00F24C27 /* HomeCell.h */ = {isa = PBXFileReference; fileEncoding = 4; lastKnownFileType = sourcecode.c.h; path = HomeCell.h; sourceTree = "<group>"; };
		CCAD340E1EF2470F00F24C27 /* HomeCell.m */ = {isa = PBXFileReference; fileEncoding = 4; lastKnownFileType = sourcecode.c.objc; path = HomeCell.m; sourceTree = "<group>"; };
		CCAD340F1EF2470F00F24C27 /* HomeCell.xib */ = {isa = PBXFileReference; fileEncoding = 4; lastKnownFileType = file.xib; path = HomeCell.xib; sourceTree = "<group>"; };
		CCAD34121EF24B1600F24C27 /* ChaptersViewController.h */ = {isa = PBXFileReference; fileEncoding = 4; lastKnownFileType = sourcecode.c.h; path = ChaptersViewController.h; sourceTree = "<group>"; };
		CCAD34131EF24B1600F24C27 /* ChaptersViewController.m */ = {isa = PBXFileReference; fileEncoding = 4; lastKnownFileType = sourcecode.c.objc; path = ChaptersViewController.m; sourceTree = "<group>"; };
		CCAD34151EF24CFF00F24C27 /* ChapterModel.h */ = {isa = PBXFileReference; fileEncoding = 4; lastKnownFileType = sourcecode.c.h; path = ChapterModel.h; sourceTree = "<group>"; };
		CCAD34161EF24CFF00F24C27 /* ChapterModel.m */ = {isa = PBXFileReference; fileEncoding = 4; lastKnownFileType = sourcecode.c.objc; path = ChapterModel.m; sourceTree = "<group>"; };
		CCAD34181EF2505100F24C27 /* ContentViewController.h */ = {isa = PBXFileReference; fileEncoding = 4; lastKnownFileType = sourcecode.c.h; path = ContentViewController.h; sourceTree = "<group>"; };
		CCAD34191EF2505100F24C27 /* ContentViewController.m */ = {isa = PBXFileReference; fileEncoding = 4; lastKnownFileType = sourcecode.c.objc; path = ContentViewController.m; sourceTree = "<group>"; };
/* End PBXFileReference section */

/* Begin PBXFrameworksBuildPhase section */
		CCAD33AD1EF2283B00F24C27 /* Frameworks */ = {
			isa = PBXFrameworksBuildPhase;
			buildActionMask = 2147483647;
			files = (
				D67E64FE98115BCFA212ADC3 /* libPods-RaiseLearn.a in Frameworks */,
			);
			runOnlyForDeploymentPostprocessing = 0;
		};
		CCAD33C61EF2283B00F24C27 /* Frameworks */ = {
			isa = PBXFrameworksBuildPhase;
			buildActionMask = 2147483647;
			files = (
			);
			runOnlyForDeploymentPostprocessing = 0;
		};
		CCAD33D11EF2283B00F24C27 /* Frameworks */ = {
			isa = PBXFrameworksBuildPhase;
			buildActionMask = 2147483647;
			files = (
			);
			runOnlyForDeploymentPostprocessing = 0;
		};
/* End PBXFrameworksBuildPhase section */

/* Begin PBXGroup section */
		953D446827CEF778863E1C6E /* Pods */ = {
			isa = PBXGroup;
			children = (
				9E003A12D6EC5A21E59C09AD /* Pods-RaiseLearn.debug.xcconfig */,
				34B0E23EDDF95B0041FB6674 /* Pods-RaiseLearn.release.xcconfig */,
			);
			name = Pods;
			sourceTree = "<group>";
		};
		CCAD33A71EF2283B00F24C27 = {
			isa = PBXGroup;
			children = (
				CCAD33B21EF2283B00F24C27 /* RaiseLearn */,
				CCAD33CC1EF2283B00F24C27 /* RaiseLearnTests */,
				CCAD33D71EF2283B00F24C27 /* RaiseLearnUITests */,
				CCAD33B11EF2283B00F24C27 /* Products */,
				953D446827CEF778863E1C6E /* Pods */,
				D72A4B3E39341017E4D505B2 /* Frameworks */,
			);
			sourceTree = "<group>";
		};
		CCAD33B11EF2283B00F24C27 /* Products */ = {
			isa = PBXGroup;
			children = (
				CCAD33B01EF2283B00F24C27 /* RaiseLearn.app */,
				CCAD33C91EF2283B00F24C27 /* RaiseLearnTests.xctest */,
				CCAD33D41EF2283B00F24C27 /* RaiseLearnUITests.xctest */,
			);
			name = Products;
			sourceTree = "<group>";
		};
		CCAD33B21EF2283B00F24C27 /* RaiseLearn */ = {
			isa = PBXGroup;
			children = (
				CCAD33E61EF2288B00F24C27 /* Classes */,
				CCAD33B31EF2283B00F24C27 /* Supporting Files */,
			);
			path = RaiseLearn;
			sourceTree = "<group>";
		};
		CCAD33B31EF2283B00F24C27 /* Supporting Files */ = {
			isa = PBXGroup;
			children = (
				CCAD33BC1EF2283B00F24C27 /* Main.storyboard */,
				CCAD33BF1EF2283B00F24C27 /* Assets.xcassets */,
				CCAD33C11EF2283B00F24C27 /* LaunchScreen.storyboard */,
				CCAD33C41EF2283B00F24C27 /* Info.plist */,
				CCAD33B41EF2283B00F24C27 /* main.m */,
			);
			name = "Supporting Files";
			sourceTree = "<group>";
		};
		CCAD33CC1EF2283B00F24C27 /* RaiseLearnTests */ = {
			isa = PBXGroup;
			children = (
				CCAD33CD1EF2283B00F24C27 /* RaiseLearnTests.m */,
				CCAD33CF1EF2283B00F24C27 /* Info.plist */,
			);
			path = RaiseLearnTests;
			sourceTree = "<group>";
		};
		CCAD33D71EF2283B00F24C27 /* RaiseLearnUITests */ = {
			isa = PBXGroup;
			children = (
				CCAD33D81EF2283B00F24C27 /* RaiseLearnUITests.m */,
				CCAD33DA1EF2283B00F24C27 /* Info.plist */,
			);
			path = RaiseLearnUITests;
			sourceTree = "<group>";
		};
		CCAD33E61EF2288B00F24C27 /* Classes */ = {
			isa = PBXGroup;
			children = (
				CCAD33E91EF2288B00F24C27 /* Home */,
				CCAD33E71EF2288B00F24C27 /* Base */,
				CCAD33E81EF2288B00F24C27 /* Classify */,
				CCAD33EA1EF2288B00F24C27 /* My */,
				CCAD33EB1EF2288B00F24C27 /* Other */,
			);
			path = Classes;
			sourceTree = "<group>";
		};
		CCAD33E71EF2288B00F24C27 /* Base */ = {
			isa = PBXGroup;
			children = (
				CCAD33F61EF22F4B00F24C27 /* BaseViewController.h */,
				CCAD33F71EF22F4B00F24C27 /* BaseViewController.m */,
				CCAD34031EF23A7C00F24C27 /* BaseModel.h */,
				CCAD34041EF23A7C00F24C27 /* BaseModel.m */,
			);
			path = Base;
			sourceTree = "<group>";
		};
		CCAD33E81EF2288B00F24C27 /* Classify */ = {
			isa = PBXGroup;
			children = (
				CCAD33FC1EF22F7000F24C27 /* ClassifyViewController.h */,
				CCAD33FD1EF22F7000F24C27 /* ClassifyViewController.m */,
			);
			path = Classify;
			sourceTree = "<group>";
		};
		CCAD33E91EF2288B00F24C27 /* Home */ = {
			isa = PBXGroup;
			children = (
				CCAD340C1EF246F800F24C27 /* View */,
				CCAD34081EF23AD100F24C27 /* Model */,
				CCAD34061EF23A8300F24C27 /* Controller */,
			);
			path = Home;
			sourceTree = "<group>";
		};
		CCAD33EA1EF2288B00F24C27 /* My */ = {
			isa = PBXGroup;
			children = (
				CCAD33FF1EF22F7E00F24C27 /* MyViewController.h */,
				CCAD34001EF22F7E00F24C27 /* MyViewController.m */,
			);
			path = My;
			sourceTree = "<group>";
		};
		CCAD33EB1EF2288B00F24C27 /* Other */ = {
			isa = PBXGroup;
			children = (
				CCAD33B61EF2283B00F24C27 /* AppDelegate.h */,
				CCAD33B71EF2283B00F24C27 /* AppDelegate.m */,
				CCAD33EC1EF228E600F24C27 /* AFNetHelper.h */,
				CCAD33ED1EF228E600F24C27 /* AFNetHelper.m */,
				CCAD33EE1EF228E600F24C27 /* Controller.plist */,
				CCAD33EF1EF228E600F24C27 /* PreHeader.pch */,
				CCAD33F01EF228E600F24C27 /* RootViewController.h */,
				CCAD33F11EF228E600F24C27 /* RootViewController.m */,
				CCAD33F51EF2296000F24C27 /* Constant.h */,
			);
			path = Other;
			sourceTree = "<group>";
		};
		CCAD34061EF23A8300F24C27 /* Controller */ = {
			isa = PBXGroup;
			children = (
				CCAD33F91EF22F6100F24C27 /* HomeViewController.h */,
				CCAD33FA1EF22F6100F24C27 /* HomeViewController.m */,
				CCAD34121EF24B1600F24C27 /* ChaptersViewController.h */,
				CCAD34131EF24B1600F24C27 /* ChaptersViewController.m */,
				CCAD34181EF2505100F24C27 /* ContentViewController.h */,
				CCAD34191EF2505100F24C27 /* ContentViewController.m */,
			);
			name = Controller;
			sourceTree = "<group>";
		};
		CCAD34081EF23AD100F24C27 /* Model */ = {
			isa = PBXGroup;
			children = (
				CCAD34091EF23B3100F24C27 /* BookListModel.h */,
				CCAD340A1EF23B3100F24C27 /* BookListModel.m */,
				CCAD34151EF24CFF00F24C27 /* ChapterModel.h */,
				CCAD34161EF24CFF00F24C27 /* ChapterModel.m */,
			);
			name = Model;
			sourceTree = "<group>";
		};
		CCAD340C1EF246F800F24C27 /* View */ = {
			isa = PBXGroup;
			children = (
				CCAD340D1EF2470F00F24C27 /* HomeCell.h */,
				CCAD340E1EF2470F00F24C27 /* HomeCell.m */,
				CCAD340F1EF2470F00F24C27 /* HomeCell.xib */,
			);
			name = View;
			sourceTree = "<group>";
		};
		D72A4B3E39341017E4D505B2 /* Frameworks */ = {
			isa = PBXGroup;
			children = (
				A9F8386206A04A51E3E9B07B /* libPods-RaiseLearn.a */,
			);
			name = Frameworks;
			sourceTree = "<group>";
		};
/* End PBXGroup section */

/* Begin PBXNativeTarget section */
		CCAD33AF1EF2283B00F24C27 /* RaiseLearn */ = {
			isa = PBXNativeTarget;
			buildConfigurationList = CCAD33DD1EF2283B00F24C27 /* Build configuration list for PBXNativeTarget "RaiseLearn" */;
			buildPhases = (
				09D6BACA507402916C0ECF5C /* [CP] Check Pods Manifest.lock */,
				CCAD33AC1EF2283B00F24C27 /* Sources */,
				CCAD33AD1EF2283B00F24C27 /* Frameworks */,
				CCAD33AE1EF2283B00F24C27 /* Resources */,
				7542C45C540A9D2AB35E3C93 /* [CP] Embed Pods Frameworks */,
				96F17FB45C9CD681C26EA4EC /* [CP] Copy Pods Resources */,
			);
			buildRules = (
			);
			dependencies = (
			);
			name = RaiseLearn;
			productName = RaiseLearn;
			productReference = CCAD33B01EF2283B00F24C27 /* RaiseLearn.app */;
			productType = "com.apple.product-type.application";
		};
		CCAD33C81EF2283B00F24C27 /* RaiseLearnTests */ = {
			isa = PBXNativeTarget;
			buildConfigurationList = CCAD33E01EF2283B00F24C27 /* Build configuration list for PBXNativeTarget "RaiseLearnTests" */;
			buildPhases = (
				CCAD33C51EF2283B00F24C27 /* Sources */,
				CCAD33C61EF2283B00F24C27 /* Frameworks */,
				CCAD33C71EF2283B00F24C27 /* Resources */,
			);
			buildRules = (
			);
			dependencies = (
				CCAD33CB1EF2283B00F24C27 /* PBXTargetDependency */,
			);
			name = RaiseLearnTests;
			productName = RaiseLearnTests;
			productReference = CCAD33C91EF2283B00F24C27 /* RaiseLearnTests.xctest */;
			productType = "com.apple.product-type.bundle.unit-test";
		};
		CCAD33D31EF2283B00F24C27 /* RaiseLearnUITests */ = {
			isa = PBXNativeTarget;
			buildConfigurationList = CCAD33E31EF2283B00F24C27 /* Build configuration list for PBXNativeTarget "RaiseLearnUITests" */;
			buildPhases = (
				CCAD33D01EF2283B00F24C27 /* Sources */,
				CCAD33D11EF2283B00F24C27 /* Frameworks */,
				CCAD33D21EF2283B00F24C27 /* Resources */,
			);
			buildRules = (
			);
			dependencies = (
				CCAD33D61EF2283B00F24C27 /* PBXTargetDependency */,
			);
			name = RaiseLearnUITests;
			productName = RaiseLearnUITests;
			productReference = CCAD33D41EF2283B00F24C27 /* RaiseLearnUITests.xctest */;
			productType = "com.apple.product-type.bundle.ui-testing";
		};
/* End PBXNativeTarget section */

/* Begin PBXProject section */
		CCAD33A81EF2283B00F24C27 /* Project object */ = {
			isa = PBXProject;
			attributes = {
				LastUpgradeCheck = 0830;
				ORGANIZATIONNAME = afarsoft;
				TargetAttributes = {
					CCAD33AF1EF2283B00F24C27 = {
						CreatedOnToolsVersion = 8.3.3;
						ProvisioningStyle = Automatic;
					};
					CCAD33C81EF2283B00F24C27 = {
						CreatedOnToolsVersion = 8.3.3;
						ProvisioningStyle = Automatic;
						TestTargetID = CCAD33AF1EF2283B00F24C27;
					};
					CCAD33D31EF2283B00F24C27 = {
						CreatedOnToolsVersion = 8.3.3;
						ProvisioningStyle = Automatic;
						TestTargetID = CCAD33AF1EF2283B00F24C27;
					};
				};
			};
			buildConfigurationList = CCAD33AB1EF2283B00F24C27 /* Build configuration list for PBXProject "RaiseLearn" */;
			compatibilityVersion = "Xcode 3.2";
			developmentRegion = English;
			hasScannedForEncodings = 0;
			knownRegions = (
				en,
				Base,
			);
			mainGroup = CCAD33A71EF2283B00F24C27;
			productRefGroup = CCAD33B11EF2283B00F24C27 /* Products */;
			projectDirPath = "";
			projectRoot = "";
			targets = (
				CCAD33AF1EF2283B00F24C27 /* RaiseLearn */,
				CCAD33C81EF2283B00F24C27 /* RaiseLearnTests */,
				CCAD33D31EF2283B00F24C27 /* RaiseLearnUITests */,
			);
		};
/* End PBXProject section */

/* Begin PBXResourcesBuildPhase section */
		CCAD33AE1EF2283B00F24C27 /* Resources */ = {
			isa = PBXResourcesBuildPhase;
			buildActionMask = 2147483647;
			files = (
				CCAD33C31EF2283B00F24C27 /* LaunchScreen.storyboard in Resources */,
				CCAD33C01EF2283B00F24C27 /* Assets.xcassets in Resources */,
				CCAD33F31EF228E600F24C27 /* Controller.plist in Resources */,
				CCAD33BE1EF2283B00F24C27 /* Main.storyboard in Resources */,
				CCAD34111EF2470F00F24C27 /* HomeCell.xib in Resources */,
			);
			runOnlyForDeploymentPostprocessing = 0;
		};
		CCAD33C71EF2283B00F24C27 /* Resources */ = {
			isa = PBXResourcesBuildPhase;
			buildActionMask = 2147483647;
			files = (
			);
			runOnlyForDeploymentPostprocessing = 0;
		};
		CCAD33D21EF2283B00F24C27 /* Resources */ = {
			isa = PBXResourcesBuildPhase;
			buildActionMask = 2147483647;
			files = (
			);
			runOnlyForDeploymentPostprocessing = 0;
		};
/* End PBXResourcesBuildPhase section */

/* Begin PBXShellScriptBuildPhase section */
		09D6BACA507402916C0ECF5C /* [CP] Check Pods Manifest.lock */ = {
			isa = PBXShellScriptBuildPhase;
			buildActionMask = 2147483647;
			files = (
			);
			inputPaths = (
			);
			name = "[CP] Check Pods Manifest.lock";
			outputPaths = (
			);
			runOnlyForDeploymentPostprocessing = 0;
			shellPath = /bin/sh;
			shellScript = "diff \"${PODS_PODFILE_DIR_PATH}/Podfile.lock\" \"${PODS_ROOT}/Manifest.lock\" > /dev/null\nif [ $? != 0 ] ; then\n    # print error to STDERR\n    echo \"error: The sandbox is not in sync with the Podfile.lock. Run 'pod install' or update your CocoaPods installation.\" >&2\n    exit 1\nfi\n";
			showEnvVarsInLog = 0;
		};
		7542C45C540A9D2AB35E3C93 /* [CP] Embed Pods Frameworks */ = {
			isa = PBXShellScriptBuildPhase;
			buildActionMask = 2147483647;
			files = (
			);
			inputPaths = (
			);
			name = "[CP] Embed Pods Frameworks";
			outputPaths = (
			);
			runOnlyForDeploymentPostprocessing = 0;
			shellPath = /bin/sh;
			shellScript = "\"${SRCROOT}/Pods/Target Support Files/Pods-RaiseLearn/Pods-RaiseLearn-frameworks.sh\"\n";
			showEnvVarsInLog = 0;
		};
		96F17FB45C9CD681C26EA4EC /* [CP] Copy Pods Resources */ = {
			isa = PBXShellScriptBuildPhase;
			buildActionMask = 2147483647;
			files = (
			);
			inputPaths = (
			);
			name = "[CP] Copy Pods Resources";
			outputPaths = (
			);
			runOnlyForDeploymentPostprocessing = 0;
			shellPath = /bin/sh;
			shellScript = "\"${SRCROOT}/Pods/Target Support Files/Pods-RaiseLearn/Pods-RaiseLearn-resources.sh\"\n";
			showEnvVarsInLog = 0;
		};
/* End PBXShellScriptBuildPhase section */

/* Begin PBXSourcesBuildPhase section */
		CCAD33AC1EF2283B00F24C27 /* Sources */ = {
			isa = PBXSourcesBuildPhase;
			buildActionMask = 2147483647;
			files = (
				CCAD34051EF23A7C00F24C27 /* BaseModel.m in Sources */,
				CCAD33B81EF2283B00F24C27 /* AppDelegate.m in Sources */,
				CCAD34101EF2470F00F24C27 /* HomeCell.m in Sources */,
				CCAD34171EF24CFF00F24C27 /* ChapterModel.m in Sources */,
				CCAD33F81EF22F4B00F24C27 /* BaseViewController.m in Sources */,
				CCAD34141EF24B1600F24C27 /* ChaptersViewController.m in Sources */,
				CCAD34011EF22F7E00F24C27 /* MyViewController.m in Sources */,
				CCAD33F21EF228E600F24C27 /* AFNetHelper.m in Sources */,
				CCAD341A1EF2505100F24C27 /* ContentViewController.m in Sources */,
				CCAD33B51EF2283B00F24C27 /* main.m in Sources */,
				CCAD340B1EF23B3100F24C27 /* BookListModel.m in Sources */,
				CCAD33FE1EF22F7000F24C27 /* ClassifyViewController.m in Sources */,
				CCAD33F41EF228E600F24C27 /* RootViewController.m in Sources */,
				CCAD33FB1EF22F6100F24C27 /* HomeViewController.m in Sources */,
			);
			runOnlyForDeploymentPostprocessing = 0;
		};
		CCAD33C51EF2283B00F24C27 /* Sources */ = {
			isa = PBXSourcesBuildPhase;
			buildActionMask = 2147483647;
			files = (
				CCAD33CE1EF2283B00F24C27 /* RaiseLearnTests.m in Sources */,
			);
			runOnlyForDeploymentPostprocessing = 0;
		};
		CCAD33D01EF2283B00F24C27 /* Sources */ = {
			isa = PBXSourcesBuildPhase;
			buildActionMask = 2147483647;
			files = (
				CCAD33D91EF2283B00F24C27 /* RaiseLearnUITests.m in Sources */,
			);
			runOnlyForDeploymentPostprocessing = 0;
		};
/* End PBXSourcesBuildPhase section */

/* Begin PBXTargetDependency section */
		CCAD33CB1EF2283B00F24C27 /* PBXTargetDependency */ = {
			isa = PBXTargetDependency;
			target = CCAD33AF1EF2283B00F24C27 /* RaiseLearn */;
			targetProxy = CCAD33CA1EF2283B00F24C27 /* PBXContainerItemProxy */;
		};
		CCAD33D61EF2283B00F24C27 /* PBXTargetDependency */ = {
			isa = PBXTargetDependency;
			target = CCAD33AF1EF2283B00F24C27 /* RaiseLearn */;
			targetProxy = CCAD33D51EF2283B00F24C27 /* PBXContainerItemProxy */;
		};
/* End PBXTargetDependency section */

/* Begin PBXVariantGroup section */
		CCAD33BC1EF2283B00F24C27 /* Main.storyboard */ = {
			isa = PBXVariantGroup;
			children = (
				CCAD33BD1EF2283B00F24C27 /* Base */,
			);
			name = Main.storyboard;
			sourceTree = "<group>";
		};
		CCAD33C11EF2283B00F24C27 /* LaunchScreen.storyboard */ = {
			isa = PBXVariantGroup;
			children = (
				CCAD33C21EF2283B00F24C27 /* Base */,
			);
			name = LaunchScreen.storyboard;
			sourceTree = "<group>";
		};
/* End PBXVariantGroup section */

/* Begin XCBuildConfiguration section */
		CCAD33DB1EF2283B00F24C27 /* Debug */ = {
			isa = XCBuildConfiguration;
			buildSettings = {
				ALWAYS_SEARCH_USER_PATHS = NO;
				CLANG_ANALYZER_NONNULL = YES;
				CLANG_ANALYZER_NUMBER_OBJECT_CONVERSION = YES_AGGRESSIVE;
				CLANG_CXX_LANGUAGE_STANDARD = "gnu++0x";
				CLANG_CXX_LIBRARY = "libc++";
				CLANG_ENABLE_MODULES = YES;
				CLANG_ENABLE_OBJC_ARC = YES;
				CLANG_WARN_BOOL_CONVERSION = YES;
				CLANG_WARN_CONSTANT_CONVERSION = YES;
				CLANG_WARN_DIRECT_OBJC_ISA_USAGE = YES_ERROR;
				CLANG_WARN_DOCUMENTATION_COMMENTS = YES;
				CLANG_WARN_EMPTY_BODY = YES;
				CLANG_WARN_ENUM_CONVERSION = YES;
				CLANG_WARN_INFINITE_RECURSION = YES;
				CLANG_WARN_INT_CONVERSION = YES;
				CLANG_WARN_OBJC_ROOT_CLASS = YES_ERROR;
				CLANG_WARN_SUSPICIOUS_MOVE = YES;
				CLANG_WARN_UNREACHABLE_CODE = YES;
				CLANG_WARN__DUPLICATE_METHOD_MATCH = YES;
				"CODE_SIGN_IDENTITY[sdk=iphoneos*]" = "iPhone Developer";
				COPY_PHASE_STRIP = NO;
				DEBUG_INFORMATION_FORMAT = dwarf;
				ENABLE_STRICT_OBJC_MSGSEND = YES;
				ENABLE_TESTABILITY = YES;
				GCC_C_LANGUAGE_STANDARD = gnu99;
				GCC_DYNAMIC_NO_PIC = NO;
				GCC_NO_COMMON_BLOCKS = YES;
				GCC_OPTIMIZATION_LEVEL = 0;
				GCC_PREPROCESSOR_DEFINITIONS = (
					"DEBUG=1",
					"$(inherited)",
				);
				GCC_WARN_64_TO_32_BIT_CONVERSION = YES;
				GCC_WARN_ABOUT_RETURN_TYPE = YES_ERROR;
				GCC_WARN_UNDECLARED_SELECTOR = YES;
				GCC_WARN_UNINITIALIZED_AUTOS = YES_AGGRESSIVE;
				GCC_WARN_UNUSED_FUNCTION = YES;
				GCC_WARN_UNUSED_VARIABLE = YES;
				IPHONEOS_DEPLOYMENT_TARGET = 10.3;
				MTL_ENABLE_DEBUG_INFO = YES;
				ONLY_ACTIVE_ARCH = YES;
				SDKROOT = iphoneos;
			};
			name = Debug;
		};
		CCAD33DC1EF2283B00F24C27 /* Release */ = {
			isa = XCBuildConfiguration;
			buildSettings = {
				ALWAYS_SEARCH_USER_PATHS = NO;
				CLANG_ANALYZER_NONNULL = YES;
				CLANG_ANALYZER_NUMBER_OBJECT_CONVERSION = YES_AGGRESSIVE;
				CLANG_CXX_LANGUAGE_STANDARD = "gnu++0x";
				CLANG_CXX_LIBRARY = "libc++";
				CLANG_ENABLE_MODULES = YES;
				CLANG_ENABLE_OBJC_ARC = YES;
				CLANG_WARN_BOOL_CONVERSION = YES;
				CLANG_WARN_CONSTANT_CONVERSION = YES;
				CLANG_WARN_DIRECT_OBJC_ISA_USAGE = YES_ERROR;
				CLANG_WARN_DOCUMENTATION_COMMENTS = YES;
				CLANG_WARN_EMPTY_BODY = YES;
				CLANG_WARN_ENUM_CONVERSION = YES;
				CLANG_WARN_INFINITE_RECURSION = YES;
				CLANG_WARN_INT_CONVERSION = YES;
				CLANG_WARN_OBJC_ROOT_CLASS = YES_ERROR;
				CLANG_WARN_SUSPICIOUS_MOVE = YES;
				CLANG_WARN_UNREACHABLE_CODE = YES;
				CLANG_WARN__DUPLICATE_METHOD_MATCH = YES;
				"CODE_SIGN_IDENTITY[sdk=iphoneos*]" = "iPhone Developer";
				COPY_PHASE_STRIP = NO;
				DEBUG_INFORMATION_FORMAT = "dwarf-with-dsym";
				ENABLE_NS_ASSERTIONS = NO;
				ENABLE_STRICT_OBJC_MSGSEND = YES;
				GCC_C_LANGUAGE_STANDARD = gnu99;
				GCC_NO_COMMON_BLOCKS = YES;
				GCC_WARN_64_TO_32_BIT_CONVERSION = YES;
				GCC_WARN_ABOUT_RETURN_TYPE = YES_ERROR;
				GCC_WARN_UNDECLARED_SELECTOR = YES;
				GCC_WARN_UNINITIALIZED_AUTOS = YES_AGGRESSIVE;
				GCC_WARN_UNUSED_FUNCTION = YES;
				GCC_WARN_UNUSED_VARIABLE = YES;
				IPHONEOS_DEPLOYMENT_TARGET = 10.3;
				MTL_ENABLE_DEBUG_INFO = NO;
				SDKROOT = iphoneos;
				VALIDATE_PRODUCT = YES;
			};
			name = Release;
		};
		CCAD33DE1EF2283B00F24C27 /* Debug */ = {
			isa = XCBuildConfiguration;
			baseConfigurationReference = 9E003A12D6EC5A21E59C09AD /* Pods-RaiseLearn.debug.xcconfig */;
			buildSettings = {
				ASSETCATALOG_COMPILER_APPICON_NAME = AppIcon;
				GCC_PREFIX_HEADER = "$(SRCROOT)/$(PROJECT_NAME)/Classes/Other/PreHeader.pch";
				INFOPLIST_FILE = RaiseLearn/Info.plist;
				LD_RUNPATH_SEARCH_PATHS = "$(inherited) @executable_path/Frameworks";
				PRODUCT_BUNDLE_IDENTIFIER = CW.RaiseLearn;
				PRODUCT_NAME = "$(TARGET_NAME)";
			};
			name = Debug;
		};
		CCAD33DF1EF2283B00F24C27 /* Release */ = {
			isa = XCBuildConfiguration;
			baseConfigurationReference = 34B0E23EDDF95B0041FB6674 /* Pods-RaiseLearn.release.xcconfig */;
			buildSettings = {
				ASSETCATALOG_COMPILER_APPICON_NAME = AppIcon;
				GCC_PREFIX_HEADER = "$(SRCROOT)/$(PROJECT_NAME)/Classes/Other/PreHeader.pch";
				INFOPLIST_FILE = RaiseLearn/Info.plist;
				LD_RUNPATH_SEARCH_PATHS = "$(inherited) @executable_path/Frameworks";
				PRODUCT_BUNDLE_IDENTIFIER = CW.RaiseLearn;
				PRODUCT_NAME = "$(TARGET_NAME)";
			};
			name = Release;
		};
		CCAD33E11EF2283B00F24C27 /* Debug */ = {
			isa = XCBuildConfiguration;
			buildSettings = {
				BUNDLE_LOADER = "$(TEST_HOST)";
				INFOPLIST_FILE = RaiseLearnTests/Info.plist;
				LD_RUNPATH_SEARCH_PATHS = "$(inherited) @executable_path/Frameworks @loader_path/Frameworks";
				PRODUCT_BUNDLE_IDENTIFIER = CW.RaiseLearnTests;
				PRODUCT_NAME = "$(TARGET_NAME)";
				TEST_HOST = "$(BUILT_PRODUCTS_DIR)/RaiseLearn.app/RaiseLearn";
			};
			name = Debug;
		};
		CCAD33E21EF2283B00F24C27 /* Release */ = {
			isa = XCBuildConfiguration;
			buildSettings = {
				BUNDLE_LOADER = "$(TEST_HOST)";
				INFOPLIST_FILE = RaiseLearnTests/Info.plist;
				LD_RUNPATH_SEARCH_PATHS = "$(inherited) @executable_path/Frameworks @loader_path/Frameworks";
				PRODUCT_BUNDLE_IDENTIFIER = CW.RaiseLearnTests;
				PRODUCT_NAME = "$(TARGET_NAME)";
				TEST_HOST = "$(BUILT_PRODUCTS_DIR)/RaiseLearn.app/RaiseLearn";
			};
			name = Release;
		};
		CCAD33E41EF2283B00F24C27 /* Debug */ = {
			isa = XCBuildConfiguration;
			buildSettings = {
				INFOPLIST_FILE = RaiseLearnUITests/Info.plist;
				LD_RUNPATH_SEARCH_PATHS = "$(inherited) @executable_path/Frameworks @loader_path/Frameworks";
				PRODUCT_BUNDLE_IDENTIFIER = CW.RaiseLearnUITests;
				PRODUCT_NAME = "$(TARGET_NAME)";
				TEST_TARGET_NAME = RaiseLearn;
			};
			name = Debug;
		};
		CCAD33E51EF2283B00F24C27 /* Release */ = {
			isa = XCBuildConfiguration;
			buildSettings = {
				INFOPLIST_FILE = RaiseLearnUITests/Info.plist;
				LD_RUNPATH_SEARCH_PATHS = "$(inherited) @executable_path/Frameworks @loader_path/Frameworks";
				PRODUCT_BUNDLE_IDENTIFIER = CW.RaiseLearnUITests;
				PRODUCT_NAME = "$(TARGET_NAME)";
				TEST_TARGET_NAME = RaiseLearn;
			};
			name = Release;
		};
/* End XCBuildConfiguration section */

/* Begin XCConfigurationList section */
		CCAD33AB1EF2283B00F24C27 /* Build configuration list for PBXProject "RaiseLearn" */ = {
			isa = XCConfigurationList;
			buildConfigurations = (
				CCAD33DB1EF2283B00F24C27 /* Debug */,
				CCAD33DC1EF2283B00F24C27 /* Release */,
			);
			defaultConfigurationIsVisible = 0;
			defaultConfigurationName = Release;
		};
		CCAD33DD1EF2283B00F24C27 /* Build configuration list for PBXNativeTarget "RaiseLearn" */ = {
			isa = XCConfigurationList;
			buildConfigurations = (
				CCAD33DE1EF2283B00F24C27 /* Debug */,
				CCAD33DF1EF2283B00F24C27 /* Release */,
			);
			defaultConfigurationIsVisible = 0;
			defaultConfigurationName = Release;
		};
		CCAD33E01EF2283B00F24C27 /* Build configuration list for PBXNativeTarget "RaiseLearnTests" */ = {
			isa = XCConfigurationList;
			buildConfigurations = (
				CCAD33E11EF2283B00F24C27 /* Debug */,
				CCAD33E21EF2283B00F24C27 /* Release */,
			);
			defaultConfigurationIsVisible = 0;
			defaultConfigurationName = Release;
		};
		CCAD33E31EF2283B00F24C27 /* Build configuration list for PBXNativeTarget "RaiseLearnUITests" */ = {
			isa = XCConfigurationList;
			buildConfigurations = (
				CCAD33E41EF2283B00F24C27 /* Debug */,
				CCAD33E51EF2283B00F24C27 /* Release */,
			);
			defaultConfigurationIsVisible = 0;
			defaultConfigurationName = Release;
		};
/* End XCConfigurationList section */
	};
	rootObject = CCAD33A81EF2283B00F24C27 /* Project object */;
}
